
Microsoft Visual Studio Solution File, Format Version 12.00
# Visual Studio Version 17
VisualStudioVersion = 17.6.33815.320
MinimumVisualStudioVersion = 10.0.40219.1
Project("{FAE04EC0-301F-11D3-BF4B-00C04F79EFBC}") = "TwistedFizzBuzz", "TwistedFizzBuzz\TwistedFizzBuzz.csproj", "{DF9C5A25-059B-4F97-84B6-974616166429}"
EndProject
Project("{FAE04EC0-301F-11D3-BF4B-00C04F79EFBC}") = "TwistedFizzBuzzStandardResolution", "TwistedFizzBuzzStandardResolution\TwistedFizzBuzzStandardResolution.csproj", "{023CB083-D1F9-45FB-839C-E2BF19B95E02}"
EndProject
Project("{FAE04EC0-301F-11D3-BF4B-00C04F79EFBC}") = "TwistedFizzBuzzRandonResulution", "TwistedFizzBuzzRandonResulution\TwistedFizzBuzzRandonResulution.csproj", "{10493F9C-FB39-4B1A-8E09-851FD5371058}"
EndProject
Project("{FAE04EC0-301F-11D3-BF4B-00C04F79EFBC}") = "TwistedFizzBuzzTests", "TwistedFizzBuzzTests\TwistedFizzBuzzTests.csproj", "{3AE61ECD-A60B-4E68-8B0D-AB06F19C0DF3}"
EndProject
Global
	GlobalSection(SolutionConfigurationPlatforms) = preSolution
		Debug|Any CPU = Debug|Any CPU
		Release|Any CPU = Release|Any CPU
	EndGlobalSection
	GlobalSection(ProjectConfigurationPlatforms) = postSolution
		{DF9C5A25-059B-4F97-84B6-974616166429}.Debug|Any CPU.ActiveCfg = Debug|Any CPU
		{DF9C5A25-059B-4F97-84B6-974616166429}.Debug|Any CPU.Build.0 = Debug|Any CPU
		{DF9C5A25-059B-4F97-84B6-974616166429}.Release|Any CPU.ActiveCfg = Release|Any CPU
		{DF9C5A25-059B-4F97-84B6-974616166429}.Release|Any CPU.Build.0 = Release|Any CPU
		{023CB083-D1F9-45FB-839C-E2BF19B95E02}.Debug|Any CPU.ActiveCfg = Debug|Any CPU
		{023CB083-D1F9-45FB-839C-E2BF19B95E02}.Debug|Any CPU.Build.0 = Debug|Any CPU
		{023CB083-D1F9-45FB-839C-E2BF19B95E02}.Release|Any CPU.ActiveCfg = Release|Any CPU
		{023CB083-D1F9-45FB-839C-E2BF19B95E02}.Release|Any CPU.Build.0 = Release|Any CPU
		{10493F9C-FB39-4B1A-8E09-851FD5371058}.Debug|Any CPU.ActiveCfg = Debug|Any CPU
		{10493F9C-FB39-4B1A-8E09-851FD5371058}.Debug|Any CPU.Build.0 = Debug|Any CPU
		{10493F9C-FB39-4B1A-8E09-851FD5371058}.Release|Any CPU.ActiveCfg = Release|Any CPU
		{10493F9C-FB39-4B1A-8E09-851FD5371058}.Release|Any CPU.Build.0 = Release|Any CPU
		{3AE61ECD-A60B-4E68-8B0D-AB06F19C0DF3}.Debug|Any CPU.ActiveCfg = Debug|Any CPU
		{3AE61ECD-A60B-4E68-8B0D-AB06F19C0DF3}.Debug|Any CPU.Build.0 = Debug|Any CPU
		{3AE61ECD-A60B-4E68-8B0D-AB06F19C0DF3}.Release|Any CPU.ActiveCfg = Release|Any CPU
		{3AE61ECD-A60B-4E68-8B0D-AB06F19C0DF3}.Release|Any CPU.Build.0 = Release|Any CPU
	EndGlobalSection
	GlobalSection(SolutionProperties) = preSolution
		HideSolutionNode = FALSE
	EndGlobalSection
	GlobalSection(ExtensibilityGlobals) = postSolution
		SolutionGuid = {74340CE4-2343-47A4-97F7-5062A4C2CF1F}
	EndGlobalSection
EndGlobal
